// !$*UTF8*$!
{
	archiveVersion = 1;
	classes = {
	};
	objectVersion = 46;
	objects = {

/* Begin PBXBuildFile section */
		AA8E05878111FEFE348B496D /* Pods_TaipeiParks.framework in Frameworks */ = {isa = PBXBuildFile; fileRef = A077AFDC5F90E9D690D92334 /* Pods_TaipeiParks.framework */; };
		B0E9CC841EDC0A200041AFD0 /* AppDelegate.swift in Sources */ = {isa = PBXBuildFile; fileRef = B0E9CC831EDC0A200041AFD0 /* AppDelegate.swift */; };
		B0E9CC891EDC0A200041AFD0 /* Main.storyboard in Resources */ = {isa = PBXBuildFile; fileRef = B0E9CC871EDC0A200041AFD0 /* Main.storyboard */; };
		B0E9CC8B1EDC0A200041AFD0 /* Assets.xcassets in Resources */ = {isa = PBXBuildFile; fileRef = B0E9CC8A1EDC0A200041AFD0 /* Assets.xcassets */; };
		B0E9CC8E1EDC0A200041AFD0 /* LaunchScreen.storyboard in Resources */ = {isa = PBXBuildFile; fileRef = B0E9CC8C1EDC0A200041AFD0 /* LaunchScreen.storyboard */; };
		B0E9CC971EDC11F30041AFD0 /* ParksTableViewController.swift in Sources */ = {isa = PBXBuildFile; fileRef = B0E9CC961EDC11F30041AFD0 /* ParksTableViewController.swift */; };
		B0E9CC9A1EDC127B0041AFD0 /* ParkTableViewCell.swift in Sources */ = {isa = PBXBuildFile; fileRef = B0E9CC981EDC127B0041AFD0 /* ParkTableViewCell.swift */; };
		B0E9CC9B1EDC127B0041AFD0 /* ParkTableViewCell.xib in Resources */ = {isa = PBXBuildFile; fileRef = B0E9CC991EDC127B0041AFD0 /* ParkTableViewCell.xib */; };
		B0E9CCA01EDC13E60041AFD0 /* ParkProvider.swift in Sources */ = {isa = PBXBuildFile; fileRef = B0E9CC9F1EDC13E60041AFD0 /* ParkProvider.swift */; };
		B0E9CCA21EDC13F30041AFD0 /* ParkModel.swift in Sources */ = {isa = PBXBuildFile; fileRef = B0E9CCA11EDC13F30041AFD0 /* ParkModel.swift */; };
		B0E9CCA71EDC50D90041AFD0 /* ImageTool.swift in Sources */ = {isa = PBXBuildFile; fileRef = B0E9CCA61EDC50D90041AFD0 /* ImageTool.swift */; };
/* End PBXBuildFile section */

/* Begin PBXFileReference section */
		0C4B77A5A5C6DE63E43B49DE /* Pods-TaipeiParks.release.xcconfig */ = {isa = PBXFileReference; includeInIndex = 1; lastKnownFileType = text.xcconfig; name = "Pods-TaipeiParks.release.xcconfig"; path = "Pods/Target Support Files/Pods-TaipeiParks/Pods-TaipeiParks.release.xcconfig"; sourceTree = "<group>"; };
		A077AFDC5F90E9D690D92334 /* Pods_TaipeiParks.framework */ = {isa = PBXFileReference; explicitFileType = wrapper.framework; includeInIndex = 0; path = Pods_TaipeiParks.framework; sourceTree = BUILT_PRODUCTS_DIR; };
		B0E9CC801EDC0A200041AFD0 /* TaipeiParks.app */ = {isa = PBXFileReference; explicitFileType = wrapper.application; includeInIndex = 0; path = TaipeiParks.app; sourceTree = BUILT_PRODUCTS_DIR; };
		B0E9CC831EDC0A200041AFD0 /* AppDelegate.swift */ = {isa = PBXFileReference; lastKnownFileType = sourcecode.swift; path = AppDelegate.swift; sourceTree = "<group>"; };
		B0E9CC881EDC0A200041AFD0 /* Base */ = {isa = PBXFileReference; lastKnownFileType = file.storyboard; name = Base; path = Base.lproj/Main.storyboard; sourceTree = "<group>"; };
		B0E9CC8A1EDC0A200041AFD0 /* Assets.xcassets */ = {isa = PBXFileReference; lastKnownFileType = folder.assetcatalog; path = Assets.xcassets; sourceTree = "<group>"; };
		B0E9CC8D1EDC0A200041AFD0 /* Base */ = {isa = PBXFileReference; lastKnownFileType = file.storyboard; name = Base; path = Base.lproj/LaunchScreen.storyboard; sourceTree = "<group>"; };
		B0E9CC8F1EDC0A200041AFD0 /* Info.plist */ = {isa = PBXFileReference; lastKnownFileType = text.plist.xml; path = Info.plist; sourceTree = "<group>"; };
		B0E9CC961EDC11F30041AFD0 /* ParksTableViewController.swift */ = {isa = PBXFileReference; fileEncoding = 4; lastKnownFileType = sourcecode.swift; path = ParksTableViewController.swift; sourceTree = "<group>"; };
		B0E9CC981EDC127B0041AFD0 /* ParkTableViewCell.swift */ = {isa = PBXFileReference; fileEncoding = 4; lastKnownFileType = sourcecode.swift; path = ParkTableViewCell.swift; sourceTree = "<group>"; };
		B0E9CC991EDC127B0041AFD0 /* ParkTableViewCell.xib */ = {isa = PBXFileReference; fileEncoding = 4; lastKnownFileType = file.xib; path = ParkTableViewCell.xib; sourceTree = "<group>"; };
		B0E9CC9F1EDC13E60041AFD0 /* ParkProvider.swift */ = {isa = PBXFileReference; fileEncoding = 4; lastKnownFileType = sourcecode.swift; path = ParkProvider.swift; sourceTree = "<group>"; };
		B0E9CCA11EDC13F30041AFD0 /* ParkModel.swift */ = {isa = PBXFileReference; fileEncoding = 4; lastKnownFileType = sourcecode.swift; path = ParkModel.swift; sourceTree = "<group>"; };
		B0E9CCA61EDC50D90041AFD0 /* ImageTool.swift */ = {isa = PBXFileReference; fileEncoding = 4; lastKnownFileType = sourcecode.swift; path = ImageTool.swift; sourceTree = "<group>"; };
		DFEBC502F7B3CAE9AA2FFD11 /* Pods-TaipeiParks.debug.xcconfig */ = {isa = PBXFileReference; includeInIndex = 1; lastKnownFileType = text.xcconfig; name = "Pods-TaipeiParks.debug.xcconfig"; path = "Pods/Target Support Files/Pods-TaipeiParks/Pods-TaipeiParks.debug.xcconfig"; sourceTree = "<group>"; };
/* End PBXFileReference section */

/* Begin PBXFrameworksBuildPhase section */
		B0E9CC7D1EDC0A200041AFD0 /* Frameworks */ = {
			isa = PBXFrameworksBuildPhase;
			buildActionMask = 2147483647;
			files = (
				AA8E05878111FEFE348B496D /* Pods_TaipeiParks.framework in Frameworks */,
			);
			runOnlyForDeploymentPostprocessing = 0;
		};
/* End PBXFrameworksBuildPhase section */

/* Begin PBXGroup section */
		7FA4356D5012882BCDBFDDE1 /* Frameworks */ = {
			isa = PBXGroup;
			children = (
				A077AFDC5F90E9D690D92334 /* Pods_TaipeiParks.framework */,
			);
			name = Frameworks;
			sourceTree = "<group>";
		};
		B0E9CC771EDC0A200041AFD0 = {
			isa = PBXGroup;
			children = (
				B0E9CC821EDC0A200041AFD0 /* TaipeiParks */,
				B0E9CC811EDC0A200041AFD0 /* Products */,
				EC8950CA749D51381B407DF7 /* Pods */,
				7FA4356D5012882BCDBFDDE1 /* Frameworks */,
			);
			sourceTree = "<group>";
		};
		B0E9CC811EDC0A200041AFD0 /* Products */ = {
			isa = PBXGroup;
			children = (
				B0E9CC801EDC0A200041AFD0 /* TaipeiParks.app */,
			);
			name = Products;
			sourceTree = "<group>";
		};
		B0E9CC821EDC0A200041AFD0 /* TaipeiParks */ = {
			isa = PBXGroup;
			children = (
				B0E9CC9D1EDC13A70041AFD0 /* MainPage */,
				B0E9CC9C1EDC13860041AFD0 /* Cell */,
				B0E9CC9E1EDC13BE0041AFD0 /* ParkProvider */,
				B0E9CCA31EDC4FBF0041AFD0 /* Component */,
				B0E9CC8A1EDC0A200041AFD0 /* Assets.xcassets */,
				B0E9CC831EDC0A200041AFD0 /* AppDelegate.swift */,
				B0E9CC8C1EDC0A200041AFD0 /* LaunchScreen.storyboard */,
				B0E9CC8F1EDC0A200041AFD0 /* Info.plist */,
			);
			path = TaipeiParks;
			sourceTree = "<group>";
		};
		B0E9CC9C1EDC13860041AFD0 /* Cell */ = {
			isa = PBXGroup;
			children = (
				B0E9CC981EDC127B0041AFD0 /* ParkTableViewCell.swift */,
				B0E9CC991EDC127B0041AFD0 /* ParkTableViewCell.xib */,
			);
			name = Cell;
			sourceTree = "<group>";
		};
		B0E9CC9D1EDC13A70041AFD0 /* MainPage */ = {
			isa = PBXGroup;
			children = (
				B0E9CC961EDC11F30041AFD0 /* ParksTableViewController.swift */,
				B0E9CC871EDC0A200041AFD0 /* Main.storyboard */,
			);
			name = MainPage;
			sourceTree = "<group>";
		};
		B0E9CC9E1EDC13BE0041AFD0 /* ParkProvider */ = {
			isa = PBXGroup;
			children = (
				B0E9CC9F1EDC13E60041AFD0 /* ParkProvider.swift */,
				B0E9CCA11EDC13F30041AFD0 /* ParkModel.swift */,
			);
			name = ParkProvider;
			sourceTree = "<group>";
		};
		B0E9CCA31EDC4FBF0041AFD0 /* Component */ = {
			isa = PBXGroup;
			children = (
				B0E9CCA61EDC50D90041AFD0 /* ImageTool.swift */,
			);
			name = Component;
			sourceTree = "<group>";
		};
		EC8950CA749D51381B407DF7 /* Pods */ = {
			isa = PBXGroup;
			children = (
				DFEBC502F7B3CAE9AA2FFD11 /* Pods-TaipeiParks.debug.xcconfig */,
				0C4B77A5A5C6DE63E43B49DE /* Pods-TaipeiParks.release.xcconfig */,
			);
			name = Pods;
			sourceTree = "<group>";
		};
/* End PBXGroup section */

/* Begin PBXNativeTarget section */
		B0E9CC7F1EDC0A200041AFD0 /* TaipeiParks */ = {
			isa = PBXNativeTarget;
			buildConfigurationList = B0E9CC921EDC0A200041AFD0 /* Build configuration list for PBXNativeTarget "TaipeiParks" */;
			buildPhases = (
				99B08CD65E14607C636F453E /* [CP] Check Pods Manifest.lock */,
				B0E9CC7C1EDC0A200041AFD0 /* Sources */,
				B0E9CC7D1EDC0A200041AFD0 /* Frameworks */,
				B0E9CC7E1EDC0A200041AFD0 /* Resources */,
				DC000D71715D2D790753BE45 /* [CP] Embed Pods Frameworks */,
				DBBAF82D210059FE325AC11C /* [CP] Copy Pods Resources */,
				B0E9CC951EDC0B2C0041AFD0 /* Swiftlint */,
			);
			buildRules = (
			);
			dependencies = (
			);
			name = TaipeiParks;
			productName = TaipeiParks;
			productReference = B0E9CC801EDC0A200041AFD0 /* TaipeiParks.app */;
			productType = "com.apple.product-type.application";
		};
/* End PBXNativeTarget section */

/* Begin PBXProject section */
		B0E9CC781EDC0A200041AFD0 /* Project object */ = {
			isa = PBXProject;
			attributes = {
				LastSwiftUpdateCheck = 0830;
				LastUpgradeCheck = 0830;
				ORGANIZATIONNAME = stevenchou;
				TargetAttributes = {
					B0E9CC7F1EDC0A200041AFD0 = {
						CreatedOnToolsVersion = 8.3.2;
						ProvisioningStyle = Automatic;
					};
				};
			};
			buildConfigurationList = B0E9CC7B1EDC0A200041AFD0 /* Build configuration list for PBXProject "TaipeiParks" */;
			compatibilityVersion = "Xcode 3.2";
			developmentRegion = English;
			hasScannedForEncodings = 0;
			knownRegions = (
				en,
				Base,
			);
			mainGroup = B0E9CC771EDC0A200041AFD0;
			productRefGroup = B0E9CC811EDC0A200041AFD0 /* Products */;
			projectDirPath = "";
			projectRoot = "";
			targets = (
				B0E9CC7F1EDC0A200041AFD0 /* TaipeiParks */,
			);
		};
/* End PBXProject section */

/* Begin PBXResourcesBuildPhase section */
		B0E9CC7E1EDC0A200041AFD0 /* Resources */ = {
			isa = PBXResourcesBuildPhase;
			buildActionMask = 2147483647;
			files = (
				B0E9CC8E1EDC0A200041AFD0 /* LaunchScreen.storyboard in Resources */,
				B0E9CC8B1EDC0A200041AFD0 /* Assets.xcassets in Resources */,
				B0E9CC891EDC0A200041AFD0 /* Main.storyboard in Resources */,
				B0E9CC9B1EDC127B0041AFD0 /* ParkTableViewCell.xib in Resources */,
			);
			runOnlyForDeploymentPostprocessing = 0;
		};
/* End PBXResourcesBuildPhase section */

/* Begin PBXShellScriptBuildPhase section */
		99B08CD65E14607C636F453E /* [CP] Check Pods Manifest.lock */ = {
			isa = PBXShellScriptBuildPhase;
			buildActionMask = 2147483647;
			files = (
			);
			inputPaths = (
			);
			name = "[CP] Check Pods Manifest.lock";
			outputPaths = (
			);
			runOnlyForDeploymentPostprocessing = 0;
			shellPath = /bin/sh;
			shellScript = "diff \"${PODS_ROOT}/../Podfile.lock\" \"${PODS_ROOT}/Manifest.lock\" > /dev/null\nif [ $? != 0 ] ; then\n    # print error to STDERR\n    echo \"error: The sandbox is not in sync with the Podfile.lock. Run 'pod install' or update your CocoaPods installation.\" >&2\n    exit 1\nfi\n";
			showEnvVarsInLog = 0;
		};
		B0E9CC951EDC0B2C0041AFD0 /* Swiftlint */ = {
			isa = PBXShellScriptBuildPhase;
			buildActionMask = 2147483647;
			files = (
			);
			inputPaths = (
			);
			name = Swiftlint;
			outputPaths = (
			);
			runOnlyForDeploymentPostprocessing = 0;
			shellPath = /bin/sh;
			shellScript = "if which swiftlint >/dev/null; then\n    swiftlint\nelse\n    echo \"warning: SwiftLint not installed, download from https://github.com/realm/SwiftLint\"\nfi";
		};
		DBBAF82D210059FE325AC11C /* [CP] Copy Pods Resources */ = {
			isa = PBXShellScriptBuildPhase;
			buildActionMask = 2147483647;
			files = (
			);
			inputPaths = (
			);
			name = "[CP] Copy Pods Resources";
			outputPaths = (
			);
			runOnlyForDeploymentPostprocessing = 0;
			shellPath = /bin/sh;
			shellScript = "\"${SRCROOT}/Pods/Target Support Files/Pods-TaipeiParks/Pods-TaipeiParks-resources.sh\"\n";
			showEnvVarsInLog = 0;
		};
		DC000D71715D2D790753BE45 /* [CP] Embed Pods Frameworks */ = {
			isa = PBXShellScriptBuildPhase;
			buildActionMask = 2147483647;
			files = (
			);
			inputPaths = (
			);
			name = "[CP] Embed Pods Frameworks";
			outputPaths = (
			);
			runOnlyForDeploymentPostprocessing = 0;
			shellPath = /bin/sh;
			shellScript = "\"${SRCROOT}/Pods/Target Support Files/Pods-TaipeiParks/Pods-TaipeiParks-frameworks.sh\"\n";
			showEnvVarsInLog = 0;
		};
/* End PBXShellScriptBuildPhase section */

/* Begin PBXSourcesBuildPhase section */
		B0E9CC7C1EDC0A200041AFD0 /* Sources */ = {
			isa = PBXSourcesBuildPhase;
			buildActionMask = 2147483647;
			files = (
				B0E9CC9A1EDC127B0041AFD0 /* ParkTableViewCell.swift in Sources */,
				B0E9CCA21EDC13F30041AFD0 /* ParkModel.swift in Sources */,
				B0E9CC841EDC0A200041AFD0 /* AppDelegate.swift in Sources */,
				B0E9CCA01EDC13E60041AFD0 /* ParkProvider.swift in Sources */,
				B0E9CC971EDC11F30041AFD0 /* ParksTableViewController.swift in Sources */,
				B0E9CCA71EDC50D90041AFD0 /* ImageTool.swift in Sources */,
			);
			runOnlyForDeploymentPostprocessing = 0;
		};
/* End PBXSourcesBuildPhase section */

/* Begin PBXVariantGroup section */
		B0E9CC871EDC0A200041AFD0 /* Main.storyboard */ = {
			isa = PBXVariantGroup;
			children = (
				B0E9CC881EDC0A200041AFD0 /* Base */,
			);
			name = Main.storyboard;
			sourceTree = "<group>";
		};
		B0E9CC8C1EDC0A200041AFD0 /* LaunchScreen.storyboard */ = {
			isa = PBXVariantGroup;
			children = (
				B0E9CC8D1EDC0A200041AFD0 /* Base */,
			);
			name = LaunchScreen.storyboard;
			sourceTree = "<group>";
		};
/* End PBXVariantGroup section */

/* Begin XCBuildConfiguration section */
		B0E9CC901EDC0A200041AFD0 /* Debug */ = {
			isa = XCBuildConfiguration;
			buildSettings = {
				ALWAYS_SEARCH_USER_PATHS = NO;
				CLANG_ANALYZER_NONNULL = YES;
				CLANG_ANALYZER_NUMBER_OBJECT_CONVERSION = YES_AGGRESSIVE;
				CLANG_CXX_LANGUAGE_STANDARD = "gnu++0x";
				CLANG_CXX_LIBRARY = "libc++";
				CLANG_ENABLE_MODULES = YES;
				CLANG_ENABLE_OBJC_ARC = YES;
				CLANG_WARN_BOOL_CONVERSION = YES;
				CLANG_WARN_CONSTANT_CONVERSION = YES;
				CLANG_WARN_DIRECT_OBJC_ISA_USAGE = YES_ERROR;
				CLANG_WARN_DOCUMENTATION_COMMENTS = YES;
				CLANG_WARN_EMPTY_BODY = YES;
				CLANG_WARN_ENUM_CONVERSION = YES;
				CLANG_WARN_INFINITE_RECURSION = YES;
				CLANG_WARN_INT_CONVERSION = YES;
				CLANG_WARN_OBJC_ROOT_CLASS = YES_ERROR;
				CLANG_WARN_SUSPICIOUS_MOVE = YES;
				CLANG_WARN_UNREACHABLE_CODE = YES;
				CLANG_WARN__DUPLICATE_METHOD_MATCH = YES;
				"CODE_SIGN_IDENTITY[sdk=iphoneos*]" = "iPhone Developer";
				COPY_PHASE_STRIP = NO;
				DEBUG_INFORMATION_FORMAT = dwarf;
				ENABLE_STRICT_OBJC_MSGSEND = YES;
				ENABLE_TESTABILITY = YES;
				GCC_C_LANGUAGE_STANDARD = gnu99;
				GCC_DYNAMIC_NO_PIC = NO;
				GCC_NO_COMMON_BLOCKS = YES;
				GCC_OPTIMIZATION_LEVEL = 0;
				GCC_PREPROCESSOR_DEFINITIONS = (
					"DEBUG=1",
					"$(inherited)",
				);
				GCC_WARN_64_TO_32_BIT_CONVERSION = YES;
				GCC_WARN_ABOUT_RETURN_TYPE = YES_ERROR;
				GCC_WARN_UNDECLARED_SELECTOR = YES;
				GCC_WARN_UNINITIALIZED_AUTOS = YES_AGGRESSIVE;
				GCC_WARN_UNUSED_FUNCTION = YES;
				GCC_WARN_UNUSED_VARIABLE = YES;
				IPHONEOS_DEPLOYMENT_TARGET = 10.3;
				MTL_ENABLE_DEBUG_INFO = YES;
				ONLY_ACTIVE_ARCH = YES;
				SDKROOT = iphoneos;
				SWIFT_ACTIVE_COMPILATION_CONDITIONS = DEBUG;
				SWIFT_OPTIMIZATION_LEVEL = "-Onone";
			};
			name = Debug;
		};
		B0E9CC911EDC0A200041AFD0 /* Release */ = {
			isa = XCBuildConfiguration;
			buildSettings = {
				ALWAYS_SEARCH_USER_PATHS = NO;
				CLANG_ANALYZER_NONNULL = YES;
				CLANG_ANALYZER_NUMBER_OBJECT_CONVERSION = YES_AGGRESSIVE;
				CLANG_CXX_LANGUAGE_STANDARD = "gnu++0x";
				CLANG_CXX_LIBRARY = "libc++";
				CLANG_ENABLE_MODULES = YES;
				CLANG_ENABLE_OBJC_ARC = YES;
				CLANG_WARN_BOOL_CONVERSION = YES;
				CLANG_WARN_CONSTANT_CONVERSION = YES;
				CLANG_WARN_DIRECT_OBJC_ISA_USAGE = YES_ERROR;
				CLANG_WARN_DOCUMENTATION_COMMENTS = YES;
				CLANG_WARN_EMPTY_BODY = YES;
				CLANG_WARN_ENUM_CONVERSION = YES;
				CLANG_WARN_INFINITE_RECURSION = YES;
				CLANG_WARN_INT_CONVERSION = YES;
				CLANG_WARN_OBJC_ROOT_CLASS = YES_ERROR;
				CLANG_WARN_SUSPICIOUS_MOVE = YES;
				CLANG_WARN_UNREACHABLE_CODE = YES;
				CLANG_WARN__DUPLICATE_METHOD_MATCH = YES;
				"CODE_SIGN_IDENTITY[sdk=iphoneos*]" = "iPhone Developer";
				COPY_PHASE_STRIP = NO;
				DEBUG_INFORMATION_FORMAT = "dwarf-with-dsym";
				ENABLE_NS_ASSERTIONS = NO;
				ENABLE_STRICT_OBJC_MSGSEND = YES;
				GCC_C_LANGUAGE_STANDARD = gnu99;
				GCC_NO_COMMON_BLOCKS = YES;
				GCC_WARN_64_TO_32_BIT_CONVERSION = YES;
				GCC_WARN_ABOUT_RETURN_TYPE = YES_ERROR;
				GCC_WARN_UNDECLARED_SELECTOR = YES;
				GCC_WARN_UNINITIALIZED_AUTOS = YES_AGGRESSIVE;
				GCC_WARN_UNUSED_FUNCTION = YES;
				GCC_WARN_UNUSED_VARIABLE = YES;
				IPHONEOS_DEPLOYMENT_TARGET = 10.3;
				MTL_ENABLE_DEBUG_INFO = NO;
				SDKROOT = iphoneos;
				SWIFT_OPTIMIZATION_LEVEL = "-Owholemodule";
				VALIDATE_PRODUCT = YES;
			};
			name = Release;
		};
		B0E9CC931EDC0A200041AFD0 /* Debug */ = {
			isa = XCBuildConfiguration;
			baseConfigurationReference = DFEBC502F7B3CAE9AA2FFD11 /* Pods-TaipeiParks.debug.xcconfig */;
			buildSettings = {
				ASSETCATALOG_COMPILER_APPICON_NAME = AppIcon;
				INFOPLIST_FILE = TaipeiParks/Info.plist;
				LD_RUNPATH_SEARCH_PATHS = "$(inherited) @executable_path/Frameworks";
				PRODUCT_BUNDLE_IDENTIFIER = com.steven.TaipeiParks;
				PRODUCT_NAME = "$(TARGET_NAME)";
				SWIFT_VERSION = 3.0;
			};
			name = Debug;
		};
		B0E9CC941EDC0A200041AFD0 /* Release */ = {
			isa = XCBuildConfiguration;
			baseConfigurationReference = 0C4B77A5A5C6DE63E43B49DE /* Pods-TaipeiParks.release.xcconfig */;
			buildSettings = {
				ASSETCATALOG_COMPILER_APPICON_NAME = AppIcon;
				INFOPLIST_FILE = TaipeiParks/Info.plist;
				LD_RUNPATH_SEARCH_PATHS = "$(inherited) @executable_path/Frameworks";
				PRODUCT_BUNDLE_IDENTIFIER = com.steven.TaipeiParks;
				PRODUCT_NAME = "$(TARGET_NAME)";
				SWIFT_VERSION = 3.0;
			};
			name = Release;
		};
/* End XCBuildConfiguration section */

/* Begin XCConfigurationList section */
		B0E9CC7B1EDC0A200041AFD0 /* Build configuration list for PBXProject "TaipeiParks" */ = {
			isa = XCConfigurationList;
			buildConfigurations = (
				B0E9CC901EDC0A200041AFD0 /* Debug */,
				B0E9CC911EDC0A200041AFD0 /* Release */,
			);
			defaultConfigurationIsVisible = 0;
			defaultConfigurationName = Release;
		};
		B0E9CC921EDC0A200041AFD0 /* Build configuration list for PBXNativeTarget "TaipeiParks" */ = {
			isa = XCConfigurationList;
			buildConfigurations = (
				B0E9CC931EDC0A200041AFD0 /* Debug */,
				B0E9CC941EDC0A200041AFD0 /* Release */,
			);
			defaultConfigurationIsVisible = 0;
			defaultConfigurationName = Release;
		};
/* End XCConfigurationList section */
	};
	rootObject = B0E9CC781EDC0A200041AFD0 /* Project object */;
}
